<?xml version="1.0" encoding="utf-8"?>
<Project ToolsVersion="4.0" xmlns="http://schemas.microsoft.com/developer/msbuild/2003">
  <ItemGroup>
    <Filter Include="Source Files">
      <UniqueIdentifier>{4FC737F1-C7A5-4376-A066-2A32D752A2FF}</UniqueIdentifier>
      <Extensions>cpp;c;cc;cxx;def;odl;idl;hpj;bat;asm;asmx</Extensions>
    </Filter>
    <Filter Include="Header Files">
      <UniqueIdentifier>{93995380-89BD-4b04-88EB-625FBE52EBFB}</UniqueIdentifier>
      <Extensions>h;hh;hpp;hxx;hm;inl;inc;xsd</Extensions>
    </Filter>
    <Filter Include="Resource Files">
      <UniqueIdentifier>{67DA6AB6-F800-4c08-8B7A-83BB121AAD01}</UniqueIdentifier>
      <Extensions>rc;ico;cur;bmp;dlg;rc2;rct;bin;rgs;gif;jpg;jpeg;jpe;resx;tiff;tif;png;wav;mfcribbon-ms</Extensions>
    </Filter>
    <Filter Include="include">
      <UniqueIdentifier>{5fc6ba31-4c38-43a7-af6f-fd11672f6f26}</UniqueIdentifier>
    </Filter>
  </ItemGroup>
  <ItemGroup>
    <Text Include="ReadMe.txt" />
  </ItemGroup>
  <ItemGroup>
    <ClInclude Include="stdafx.h">
      <Filter>Header Files</Filter>
    </ClInclude>
    <ClInclude Include="Resource.h">
      <Filter>Header Files</Filter>
    </ClInclude>
    <ClInclude Include="..\iocp_ex_server\ClientLogicHandle.h">
      <Filter>Header Files</Filter>
    </ClInclude>
    <ClInclude Include="..\iocp_ex_server\MainMgr.h">
      <Filter>Header Files</Filter>
    </ClInclude>
    <ClInclude Include="..\iocp_ex_server\MySqlHandle.h">
      <Filter>Header Files</Filter>
    </ClInclude>
    <ClInclude Include="..\iocp_ex_server\ServerLogicHandle.h">
      <Filter>Header Files</Filter>
    </ClInclude>
    <ClInclude Include="..\iocp_ex_server\SqlServerHandle.h">
      <Filter>Header Files</Filter>
    </ClInclude>
    <ClInclude Include="..\include\define.h">
      <Filter>include</Filter>
    </ClInclude>
    <ClInclude Include="..\include\dump.h">
      <Filter>include</Filter>
    </ClInclude>
    <ClInclude Include="..\include\IKernelMgr.h">
      <Filter>include</Filter>
    </ClInclude>
    <ClInclude Include="..\include\KernelMgr.h">
      <Filter>include</Filter>
    </ClInclude>
    <ClInclude Include="..\include\lock.h">
      <Filter>include</Filter>
    </ClInclude>
    <ClInclude Include="..\include\Log.h">
      <Filter>include</Filter>
    </ClInclude>
    <ClInclude Include="..\include\msg.h">
      <Filter>include</Filter>
    </ClInclude>
    <ClInclude Include="..\include\MsgDefine.h">
      <Filter>include</Filter>
    </ClInclude>
    <ClInclude Include="..\include\NetBase.h">
      <Filter>include</Filter>
    </ClInclude>
    <ClInclude Include="..\include\NetError.h">
      <Filter>include</Filter>
    </ClInclude>
    <ClInclude Include="..\include\NetMgr.h">
      <Filter>include</Filter>
    </ClInclude>
    <ClInclude Include="..\include\QueueMsg.h">
      <Filter>include</Filter>
    </ClInclude>
    <ClInclude Include="..\include\singleton.h">
      <Filter>include</Filter>
    </ClInclude>
    <ClInclude Include="..\include\WSAInit.h">
      <Filter>include</Filter>
    </ClInclude>
  </ItemGroup>
  <ItemGroup>
    <ClCompile Include="stdafx.cpp">
      <Filter>Source Files</Filter>
    </ClCompile>
    <ClCompile Include="server_win.cpp">
      <Filter>Source Files</Filter>
    </ClCompile>
    <ClCompile Include="..\iocp_ex_server\ClientLogicHandle.cpp">
      <Filter>Source Files</Filter>
    </ClCompile>
    <ClCompile Include="..\iocp_ex_server\MainMgr.cpp">
      <Filter>Source Files</Filter>
    </ClCompile>
    <ClCompile Include="..\iocp_ex_server\MySqlHandle.cpp">
      <Filter>Source Files</Filter>
    </ClCompile>
    <ClCompile Include="..\iocp_ex_server\ServerLogicHandle.cpp">
      <Filter>Source Files</Filter>
    </ClCompile>
    <ClCompile Include="..\iocp_ex_server\SqlServerHandle.cpp">
      <Filter>Source Files</Filter>
    </ClCompile>
    <ClCompile Include="..\include\Log.cpp">
      <Filter>include</Filter>
    </ClCompile>
  </ItemGroup>
  <ItemGroup>
    <ResourceCompile Include="server_win.rc">
      <Filter>Resource Files</Filter>
    </ResourceCompile>
  </ItemGroup>
  <ItemGroup>
    <Image Include="small.ico">
      <Filter>Resource Files</Filter>
    </Image>
    <Image Include="server_win.ico">
      <Filter>Resource Files</Filter>
    </Image>
  </ItemGroup>
</Project>