<?xml version="1.0" encoding="utf-8"?>
<Project ToolsVersion="4.0" xmlns="http://schemas.microsoft.com/developer/msbuild/2003">
  <ItemGroup>
    <Filter Include="Resource Files">
      <UniqueIdentifier>{67DA6AB6-F800-4c08-8B7A-83BB121AAD01}</UniqueIdentifier>
      <Extensions>rc;ico;cur;bmp;dlg;rc2;rct;bin;rgs;gif;jpg;jpeg;jpe;resx;tiff;tif;png;wav;mfcribbon-ms</Extensions>
    </Filter>
    <Filter Include="include">
      <UniqueIdentifier>{93995380-89BD-4b04-88EB-625FBE52EBFB}</UniqueIdentifier>
      <Extensions>h;hh;hpp;hxx;hm;inl;inc;xsd</Extensions>
    </Filter>
    <Filter Include="source">
      <UniqueIdentifier>{4FC737F1-C7A5-4376-A066-2A32D752A2FF}</UniqueIdentifier>
      <Extensions>cpp;c;cc;cxx;def;odl;idl;hpj;bat;asm;asmx</Extensions>
    </Filter>
  </ItemGroup>
  <ItemGroup>
    <ClCompile Include="NetMgr.cpp">
      <Filter>source</Filter>
    </ClCompile>
    <ClCompile Include="lock.cpp">
      <Filter>source</Filter>
    </ClCompile>
    <ClCompile Include="SocketArray.cpp">
      <Filter>source</Filter>
    </ClCompile>
    <ClCompile Include="NetError.cpp">
      <Filter>source</Filter>
    </ClCompile>
    <ClCompile Include="NetBase.cpp">
      <Filter>source</Filter>
    </ClCompile>
    <ClCompile Include="QueueMsg.cpp">
      <Filter>source</Filter>
    </ClCompile>
    <ClCompile Include="KernelMgr.cpp">
      <Filter>source</Filter>
    </ClCompile>
    <ClCompile Include="TCPSocket.cpp">
      <Filter>source</Filter>
    </ClCompile>
    <ClCompile Include="..\..\include\Log.cpp">
      <Filter>source</Filter>
    </ClCompile>
    <ClCompile Include="TimerMgr.cpp">
      <Filter>source</Filter>
    </ClCompile>
  </ItemGroup>
  <ItemGroup>
    <ClInclude Include="..\..\include\define.h">
      <Filter>include</Filter>
    </ClInclude>
    <ClInclude Include="..\..\include\dump.h">
      <Filter>include</Filter>
    </ClInclude>
    <ClInclude Include="..\..\include\KernelMgr.h">
      <Filter>include</Filter>
    </ClInclude>
    <ClInclude Include="..\..\include\lock.h">
      <Filter>include</Filter>
    </ClInclude>
    <ClInclude Include="..\..\include\Log.h">
      <Filter>include</Filter>
    </ClInclude>
    <ClInclude Include="..\..\include\msg.h">
      <Filter>include</Filter>
    </ClInclude>
    <ClInclude Include="..\..\include\NetError.h">
      <Filter>include</Filter>
    </ClInclude>
    <ClInclude Include="..\..\include\singleton.h">
      <Filter>include</Filter>
    </ClInclude>
    <ClInclude Include="..\..\include\TimerID.h">
      <Filter>include</Filter>
    </ClInclude>
    <ClInclude Include="..\..\include\KernelDefine.h">
      <Filter>include</Filter>
    </ClInclude>
    <ClInclude Include="..\..\include\NetMsg.h">
      <Filter>include</Filter>
    </ClInclude>
    <ClInclude Include="..\..\include\KernelMsg.h">
      <Filter>include</Filter>
    </ClInclude>
    <ClInclude Include="SocketArray.h">
      <Filter>include</Filter>
    </ClInclude>
    <ClInclude Include="TCPSocket.h">
      <Filter>include</Filter>
    </ClInclude>
    <ClInclude Include="NetMgr.h">
      <Filter>include</Filter>
    </ClInclude>
    <ClInclude Include="..\..\include\CommonList.h">
      <Filter>include</Filter>
    </ClInclude>
    <ClInclude Include="QueueMsg.h">
      <Filter>include</Filter>
    </ClInclude>
  </ItemGroup>
</Project>