<?xml version="1.0" encoding="utf-8"?>
<Project ToolsVersion="4.0" xmlns="http://schemas.microsoft.com/developer/msbuild/2003">
  <ItemGroup>
    <Filter Include="lua">
      <UniqueIdentifier>{b23fae18-8104-4695-be41-2bd0bdf3f076}</UniqueIdentifier>
    </Filter>
    <Filter Include="lua cjson">
      <UniqueIdentifier>{b926f9b7-e34c-4ee6-bb5f-b40655987b7c}</UniqueIdentifier>
    </Filter>
  </ItemGroup>
  <ItemGroup>
    <ClCompile Include="..\..\3rd\lua-5.3.3\src\lapi.c">
      <Filter>lua</Filter>
    </ClCompile>
    <ClCompile Include="..\..\3rd\lua-5.3.3\src\lauxlib.c">
      <Filter>lua</Filter>
    </ClCompile>
    <ClCompile Include="..\..\3rd\lua-5.3.3\src\lbaselib.c">
      <Filter>lua</Filter>
    </ClCompile>
    <ClCompile Include="..\..\3rd\lua-5.3.3\src\lbitlib.c">
      <Filter>lua</Filter>
    </ClCompile>
    <ClCompile Include="..\..\3rd\lua-5.3.3\src\lcode.c">
      <Filter>lua</Filter>
    </ClCompile>
    <ClCompile Include="..\..\3rd\lua-5.3.3\src\lcorolib.c">
      <Filter>lua</Filter>
    </ClCompile>
    <ClCompile Include="..\..\3rd\lua-5.3.3\src\lctype.c">
      <Filter>lua</Filter>
    </ClCompile>
    <ClCompile Include="..\..\3rd\lua-5.3.3\src\ldblib.c">
      <Filter>lua</Filter>
    </ClCompile>
    <ClCompile Include="..\..\3rd\lua-5.3.3\src\ldebug.c">
      <Filter>lua</Filter>
    </ClCompile>
    <ClCompile Include="..\..\3rd\lua-5.3.3\src\ldo.c">
      <Filter>lua</Filter>
    </ClCompile>
    <ClCompile Include="..\..\3rd\lua-5.3.3\src\ldump.c">
      <Filter>lua</Filter>
    </ClCompile>
    <ClCompile Include="..\..\3rd\lua-5.3.3\src\lfunc.c">
      <Filter>lua</Filter>
    </ClCompile>
    <ClCompile Include="..\..\3rd\lua-5.3.3\src\lgc.c">
      <Filter>lua</Filter>
    </ClCompile>
    <ClCompile Include="..\..\3rd\lua-5.3.3\src\linit.c">
      <Filter>lua</Filter>
    </ClCompile>
    <ClCompile Include="..\..\3rd\lua-5.3.3\src\liolib.c">
      <Filter>lua</Filter>
    </ClCompile>
    <ClCompile Include="..\..\3rd\lua-5.3.3\src\llex.c">
      <Filter>lua</Filter>
    </ClCompile>
    <ClCompile Include="..\..\3rd\lua-5.3.3\src\lmathlib.c">
      <Filter>lua</Filter>
    </ClCompile>
    <ClCompile Include="..\..\3rd\lua-5.3.3\src\lmem.c">
      <Filter>lua</Filter>
    </ClCompile>
    <ClCompile Include="..\..\3rd\lua-5.3.3\src\loadlib.c">
      <Filter>lua</Filter>
    </ClCompile>
    <ClCompile Include="..\..\3rd\lua-5.3.3\src\lobject.c">
      <Filter>lua</Filter>
    </ClCompile>
    <ClCompile Include="..\..\3rd\lua-5.3.3\src\lopcodes.c">
      <Filter>lua</Filter>
    </ClCompile>
    <ClCompile Include="..\..\3rd\lua-5.3.3\src\loslib.c">
      <Filter>lua</Filter>
    </ClCompile>
    <ClCompile Include="..\..\3rd\lua-5.3.3\src\lparser.c">
      <Filter>lua</Filter>
    </ClCompile>
    <ClCompile Include="..\..\3rd\lua-5.3.3\src\lstate.c">
      <Filter>lua</Filter>
    </ClCompile>
    <ClCompile Include="..\..\3rd\lua-5.3.3\src\lstring.c">
      <Filter>lua</Filter>
    </ClCompile>
    <ClCompile Include="..\..\3rd\lua-5.3.3\src\lstrlib.c">
      <Filter>lua</Filter>
    </ClCompile>
    <ClCompile Include="..\..\3rd\lua-5.3.3\src\ltable.c">
      <Filter>lua</Filter>
    </ClCompile>
    <ClCompile Include="..\..\3rd\lua-5.3.3\src\ltablib.c">
      <Filter>lua</Filter>
    </ClCompile>
    <ClCompile Include="..\..\3rd\lua-5.3.3\src\ltm.c">
      <Filter>lua</Filter>
    </ClCompile>
    <ClCompile Include="..\..\3rd\lua-5.3.3\src\lua.c">
      <Filter>lua</Filter>
    </ClCompile>
    <ClCompile Include="..\..\3rd\lua-5.3.3\src\luac.c">
      <Filter>lua</Filter>
    </ClCompile>
    <ClCompile Include="..\..\3rd\lua-5.3.3\src\lundump.c">
      <Filter>lua</Filter>
    </ClCompile>
    <ClCompile Include="..\..\3rd\lua-5.3.3\src\lutf8lib.c">
      <Filter>lua</Filter>
    </ClCompile>
    <ClCompile Include="..\..\3rd\lua-5.3.3\src\lvm.c">
      <Filter>lua</Filter>
    </ClCompile>
    <ClCompile Include="..\..\3rd\lua-5.3.3\src\lzio.c">
      <Filter>lua</Filter>
    </ClCompile>
    <ClCompile Include="..\..\3rd\lua-5.3.3\lua-cjson-2.1.0\lua_cjson.c">
      <Filter>lua cjson</Filter>
    </ClCompile>
    <ClCompile Include="..\..\3rd\lua-5.3.3\lua-cjson-2.1.0\dtoa.c">
      <Filter>lua cjson</Filter>
    </ClCompile>
    <ClCompile Include="..\..\3rd\lua-5.3.3\lua-cjson-2.1.0\fpconv.c">
      <Filter>lua cjson</Filter>
    </ClCompile>
    <ClCompile Include="..\..\3rd\lua-5.3.3\lua-cjson-2.1.0\g_fmt.c">
      <Filter>lua cjson</Filter>
    </ClCompile>
    <ClCompile Include="..\..\3rd\lua-5.3.3\lua-cjson-2.1.0\strbuf.c">
      <Filter>lua cjson</Filter>
    </ClCompile>
    <ClCompile Include="..\..\3rd\lua-5.3.3\src\lserialize.c">
      <Filter>lua</Filter>
    </ClCompile>
  </ItemGroup>
  <ItemGroup>
    <ClInclude Include="..\..\3rd\lua-5.3.3\src\lapi.h">
      <Filter>lua</Filter>
    </ClInclude>
    <ClInclude Include="..\..\3rd\lua-5.3.3\src\lauxlib.h">
      <Filter>lua</Filter>
    </ClInclude>
    <ClInclude Include="..\..\3rd\lua-5.3.3\src\lcode.h">
      <Filter>lua</Filter>
    </ClInclude>
    <ClInclude Include="..\..\3rd\lua-5.3.3\src\lctype.h">
      <Filter>lua</Filter>
    </ClInclude>
    <ClInclude Include="..\..\3rd\lua-5.3.3\src\ldebug.h">
      <Filter>lua</Filter>
    </ClInclude>
    <ClInclude Include="..\..\3rd\lua-5.3.3\src\ldo.h">
      <Filter>lua</Filter>
    </ClInclude>
    <ClInclude Include="..\..\3rd\lua-5.3.3\src\lfunc.h">
      <Filter>lua</Filter>
    </ClInclude>
    <ClInclude Include="..\..\3rd\lua-5.3.3\src\lgc.h">
      <Filter>lua</Filter>
    </ClInclude>
    <ClInclude Include="..\..\3rd\lua-5.3.3\src\llex.h">
      <Filter>lua</Filter>
    </ClInclude>
    <ClInclude Include="..\..\3rd\lua-5.3.3\src\llimits.h">
      <Filter>lua</Filter>
    </ClInclude>
    <ClInclude Include="..\..\3rd\lua-5.3.3\src\lmem.h">
      <Filter>lua</Filter>
    </ClInclude>
    <ClInclude Include="..\..\3rd\lua-5.3.3\src\lobject.h">
      <Filter>lua</Filter>
    </ClInclude>
    <ClInclude Include="..\..\3rd\lua-5.3.3\src\lopcodes.h">
      <Filter>lua</Filter>
    </ClInclude>
    <ClInclude Include="..\..\3rd\lua-5.3.3\src\lparser.h">
      <Filter>lua</Filter>
    </ClInclude>
    <ClInclude Include="..\..\3rd\lua-5.3.3\src\lprefix.h">
      <Filter>lua</Filter>
    </ClInclude>
    <ClInclude Include="..\..\3rd\lua-5.3.3\src\lstate.h">
      <Filter>lua</Filter>
    </ClInclude>
    <ClInclude Include="..\..\3rd\lua-5.3.3\src\lstring.h">
      <Filter>lua</Filter>
    </ClInclude>
    <ClInclude Include="..\..\3rd\lua-5.3.3\src\ltable.h">
      <Filter>lua</Filter>
    </ClInclude>
    <ClInclude Include="..\..\3rd\lua-5.3.3\src\ltm.h">
      <Filter>lua</Filter>
    </ClInclude>
    <ClInclude Include="..\..\3rd\lua-5.3.3\src\lua.h">
      <Filter>lua</Filter>
    </ClInclude>
    <ClInclude Include="..\..\3rd\lua-5.3.3\src\lua.hpp">
      <Filter>lua</Filter>
    </ClInclude>
    <ClInclude Include="..\..\3rd\lua-5.3.3\src\luaconf.h">
      <Filter>lua</Filter>
    </ClInclude>
    <ClInclude Include="..\..\3rd\lua-5.3.3\src\lualib.h">
      <Filter>lua</Filter>
    </ClInclude>
    <ClInclude Include="..\..\3rd\lua-5.3.3\src\lundump.h">
      <Filter>lua</Filter>
    </ClInclude>
    <ClInclude Include="..\..\3rd\lua-5.3.3\src\lvm.h">
      <Filter>lua</Filter>
    </ClInclude>
    <ClInclude Include="..\..\3rd\lua-5.3.3\src\lzio.h">
      <Filter>lua</Filter>
    </ClInclude>
    <ClInclude Include="..\..\3rd\lua-5.3.3\lua-cjson-2.1.0\dtoa_config.h">
      <Filter>lua cjson</Filter>
    </ClInclude>
    <ClInclude Include="..\..\3rd\lua-5.3.3\lua-cjson-2.1.0\fpconv.h">
      <Filter>lua cjson</Filter>
    </ClInclude>
    <ClInclude Include="..\..\3rd\lua-5.3.3\lua-cjson-2.1.0\strbuf.h">
      <Filter>lua cjson</Filter>
    </ClInclude>
  </ItemGroup>
  <ItemGroup>
    <None Include="..\..\3rd\lua-5.3.3\src\Makefile">
      <Filter>lua</Filter>
    </None>
  </ItemGroup>
</Project>